
Microsoft Visual Studio Solution File, Format Version 12.00
# Visual Studio Version 16
VisualStudioVersion = 16.0.30517.126
MinimumVisualStudioVersion = 10.0.40219.1
Project("{FAE04EC0-301F-11D3-BF4B-00C04F79EFBC}") = "TCPIPClient", "TCPIPClient.csproj", "{DE889CEC-DFEA-49A8-8F01-733842F5431E}"
EndProject
Global
	GlobalSection(SolutionConfigurationPlatforms) = preSolution
		Debug|Any CPU = Debug|Any CPU
		Release|Any CPU = Release|Any CPU
	EndGlobalSection
	GlobalSection(ProjectConfigurationPlatforms) = postSolution
		{DE889CEC-DFEA-49A8-8F01-733842F5431E}.Debug|Any CPU.ActiveCfg = Debug|Any CPU
		{DE889CEC-DFEA-49A8-8F01-733842F5431E}.Debug|Any CPU.Build.0 = Debug|Any CPU
		{DE889CEC-DFEA-49A8-8F01-733842F5431E}.Release|Any CPU.ActiveCfg = Release|Any CPU
		{DE889CEC-DFEA-49A8-8F01-733842F5431E}.Release|Any CPU.Build.0 = Release|Any CPU
	EndGlobalSection
	GlobalSection(SolutionProperties) = preSolution
		HideSolutionNode = FALSE
	EndGlobalSection
	GlobalSection(ExtensibilityGlobals) = postSolution
		SolutionGuid = {B532A7F3-EF55-43F3-B5EC-BBB5C98A3F77}
	EndGlobalSection
EndGlobal
